
Microsoft Visual Studio Solution File, Format Version 11.00
# Visual Studio 2010
Project("{FAE04EC0-301F-11D3-BF4B-00C04F79EFBC}") = "Similardio", "Similardio\Similardio.csproj", "{F881859B-1FF4-422E-8C41-C1D5E6660D2C}"
EndProject
Project("{FAE04EC0-301F-11D3-BF4B-00C04F79EFBC}") = "Rdio.Android", "RdioSdkBindings\Rdio.Android\Rdio.Android.csproj", "{6A087D4C-5931-48E1-B9FC-6AB3152C4714}"
EndProject
Global
	GlobalSection(SolutionConfigurationPlatforms) = preSolution
		Debug|Any CPU = Debug|Any CPU
		Release|Any CPU = Release|Any CPU
	EndGlobalSection
	GlobalSection(ProjectConfigurationPlatforms) = postSolution
		{6A087D4C-5931-48E1-B9FC-6AB3152C4714}.Debug|Any CPU.ActiveCfg = Debug|Any CPU
		{6A087D4C-5931-48E1-B9FC-6AB3152C4714}.Debug|Any CPU.Build.0 = Debug|Any CPU
		{6A087D4C-5931-48E1-B9FC-6AB3152C4714}.Release|Any CPU.ActiveCfg = Release|Any CPU
		{6A087D4C-5931-48E1-B9FC-6AB3152C4714}.Release|Any CPU.Build.0 = Release|Any CPU
		{F881859B-1FF4-422E-8C41-C1D5E6660D2C}.Debug|Any CPU.ActiveCfg = Debug|Any CPU
		{F881859B-1FF4-422E-8C41-C1D5E6660D2C}.Debug|Any CPU.Build.0 = Debug|Any CPU
		{F881859B-1FF4-422E-8C41-C1D5E6660D2C}.Release|Any CPU.ActiveCfg = Release|Any CPU
		{F881859B-1FF4-422E-8C41-C1D5E6660D2C}.Release|Any CPU.Build.0 = Release|Any CPU
	EndGlobalSection
	GlobalSection(MonoDevelopProperties) = preSolution
		StartupItem = Similardio\Similardio.csproj
	EndGlobalSection
EndGlobal
